// !$*UTF8*$!
{
	archiveVersion = 1;
	classes = {
	};
	objectVersion = 46;
	objects = {

/* Begin PBXBuildFile section */
		1208CD94262D67B1005AA79A /* libopus.a in Frameworks */ = {isa = PBXBuildFile; fileRef = 1208CD93262D67B1005AA79A /* libopus.a */; };
		1208CDA3262D872F005AA79A /* opus in Resources */ = {isa = PBXBuildFile; fileRef = 1208CDA2262D872F005AA79A /* opus */; };
		121EC772264BB0B100E5750D /* TYOpusCodec.m in Sources */ = {isa = PBXBuildFile; fileRef = 121EC771264BB0B000E5750D /* TYOpusCodec.m */; };
		121F1C30261C52270004DB58 /* TYImageAESCoder.m in Sources */ = {isa = PBXBuildFile; fileRef = 121F1C2F261C52260004DB58 /* TYImageAESCoder.m */; };
		121F1C5F261D8BFC0004DB58 /* LICENSE in Resources */ = {isa = PBXBuildFile; fileRef = 121F1C57261D8BFB0004DB58 /* LICENSE */; };
		121F1C60261D8BFC0004DB58 /* README.md in Resources */ = {isa = PBXBuildFile; fileRef = 121F1C58261D8BFB0004DB58 /* README.md */; };
		121F1C61261D8BFC0004DB58 /* NSObject+YYModel.m in Sources */ = {isa = PBXBuildFile; fileRef = 121F1C5C261D8BFB0004DB58 /* NSObject+YYModel.m */; };
		121F1C62261D8BFC0004DB58 /* YYClassInfo.m in Sources */ = {isa = PBXBuildFile; fileRef = 121F1C5D261D8BFB0004DB58 /* YYClassInfo.m */; };
		124536B72646763E00DA5710 /* ExternalAccessory.framework in Frameworks */ = {isa = PBXBuildFile; fileRef = 124536B62646763D00DA5710 /* ExternalAccessory.framework */; };
		124C27862613134200159276 /* TYAVSUploader.m in Sources */ = {isa = PBXBuildFile; fileRef = 124C27852613134200159276 /* TYAVSUploader.m */; };
		124C27892613158700159276 /* AudioToolbox.framework in Frameworks */ = {isa = PBXBuildFile; fileRef = 124C27882613158700159276 /* AudioToolbox.framework */; };
		124CAA94263A544000169641 /* explore_end.ogg in Resources */ = {isa = PBXBuildFile; fileRef = 124CAA93263A544000169641 /* explore_end.ogg */; };
		124CAA97263A544900169641 /* explore_begin.ogg in Resources */ = {isa = PBXBuildFile; fileRef = 124CAA96263A544900169641 /* explore_begin.ogg */; };
		124CAA9A263A545000169641 /* error.wav in Resources */ = {isa = PBXBuildFile; fileRef = 124CAA99263A545000169641 /* error.wav */; };
		124CAAA5263A594F00169641 /* TYAVSDataUtil.m in Sources */ = {isa = PBXBuildFile; fileRef = 124CAAA4263A594F00169641 /* TYAVSDataUtil.m */; };
		124CAAAA263A5A2000169641 /* TYAVSUploadStreamManager.m in Sources */ = {isa = PBXBuildFile; fileRef = 124CAAA8263A5A2000169641 /* TYAVSUploadStreamManager.m */; };
		125354C52609DC16006EDE29 /* AudioManager.m in Sources */ = {isa = PBXBuildFile; fileRef = 125354C42609DC16006EDE29 /* AudioManager.m */; };
		125354C92609DC3E006EDE29 /* AlexaClient.m in Sources */ = {isa = PBXBuildFile; fileRef = 125354C82609DC3E006EDE29 /* AlexaClient.m */; };
		129359712609E358007508DC /* AVFoundation.framework in Frameworks */ = {isa = PBXBuildFile; fileRef = 129359702609E358007508DC /* AVFoundation.framework */; };
		129359752609E883007508DC /* RecordTool.m in Sources */ = {isa = PBXBuildFile; fileRef = 129359742609E882007508DC /* RecordTool.m */; };
		12A11017264FD19900894CE4 /* TYAVSAudioPlayer.m in Sources */ = {isa = PBXBuildFile; fileRef = 12A11016264FD19900894CE4 /* TYAVSAudioPlayer.m */; };
		12B52D59261FF7780092AB8D /* TYAVSApi.m in Sources */ = {isa = PBXBuildFile; fileRef = 12B52D58261FF7780092AB8D /* TYAVSApi.m */; };
		12D382E8263A5C9A0000D396 /* end.wav in Resources */ = {isa = PBXBuildFile; fileRef = 12D382E6263A5C9A0000D396 /* end.wav */; };
		12D382E9263A5C9A0000D396 /* begin.wav in Resources */ = {isa = PBXBuildFile; fileRef = 12D382E7263A5C9A0000D396 /* begin.wav */; };
		12EBA3DB262D59D700B1117D /* opusCodec.m in Sources */ = {isa = PBXBuildFile; fileRef = 12EBA3DA262D59D700B1117D /* opusCodec.m */; };
		456673911BC47B3E004EEC3E /* SafariServices.framework in Frameworks */ = {isa = PBXBuildFile; fileRef = 456673901BC47B3E004EEC3E /* SafariServices.framework */; };
		45C8A9D81DB18D1900DE248C /* LoginWithAmazon.framework in Frameworks */ = {isa = PBXBuildFile; fileRef = 45C8A9D71DB18D1900DE248C /* LoginWithAmazon.framework */; };
		45CC54691BC7106600F679D6 /* CoreGraphics.framework in Frameworks */ = {isa = PBXBuildFile; fileRef = 45CC54671BC6FA7500F679D6 /* CoreGraphics.framework */; };
		930D58F316DFB492006B7B39 /* Security.framework in Frameworks */ = {isa = PBXBuildFile; fileRef = 930D58F216DFB492006B7B39 /* Security.framework */; };
		9322F17F170C341E00211AFE /* LICENSE.txt in Resources */ = {isa = PBXBuildFile; fileRef = 9322F17E170C341E00211AFE /* LICENSE.txt */; };
		9322F181170C363A00211AFE /* NOTICE.txt in Resources */ = {isa = PBXBuildFile; fileRef = 9322F180170C363A00211AFE /* NOTICE.txt */; };
		936C7CC51725234D0067524F /* Default-568h@2x.png in Resources */ = {isa = PBXBuildFile; fileRef = 936C7CC41725234D0067524F /* Default-568h@2x.png */; };
		936C7D4A17268E0F0067524F /* btnLWA_gold_157x36_pressed.png in Resources */ = {isa = PBXBuildFile; fileRef = 936C7D4617268E0E0067524F /* btnLWA_gold_157x36_pressed.png */; };
		936C7D4B17268E0F0067524F /* btnLWA_gold_157x36.png in Resources */ = {isa = PBXBuildFile; fileRef = 936C7D4717268E0F0067524F /* btnLWA_gold_157x36.png */; };
		936C7D4C17268E0F0067524F /* btnLWA_gold_314x72_pressed.png in Resources */ = {isa = PBXBuildFile; fileRef = 936C7D4817268E0F0067524F /* btnLWA_gold_314x72_pressed.png */; };
		936C7D4D17268E0F0067524F /* btnLWA_gold_314x72.png in Resources */ = {isa = PBXBuildFile; fileRef = 936C7D4917268E0F0067524F /* btnLWA_gold_314x72.png */; };
		936C7D5F172691600067524F /* btnLWA_gold_68x72.png in Resources */ = {isa = PBXBuildFile; fileRef = 936C7D5E172691600067524F /* btnLWA_gold_68x72.png */; };
		936C7D61172691FD0067524F /* btnLWA_Gold_94x96.png in Resources */ = {isa = PBXBuildFile; fileRef = 936C7D60172691FD0067524F /* btnLWA_Gold_94x96.png */; };
		936DE02416DF69B400D586D0 /* UIKit.framework in Frameworks */ = {isa = PBXBuildFile; fileRef = 936DE02316DF69B400D586D0 /* UIKit.framework */; };
		936DE02616DF69B400D586D0 /* Foundation.framework in Frameworks */ = {isa = PBXBuildFile; fileRef = 936DE02516DF69B400D586D0 /* Foundation.framework */; };
		936DE02E16DF69B400D586D0 /* InfoPlist.strings in Resources */ = {isa = PBXBuildFile; fileRef = 936DE02C16DF69B400D586D0 /* InfoPlist.strings */; };
		936DE03016DF69B400D586D0 /* main.m in Sources */ = {isa = PBXBuildFile; fileRef = 936DE02F16DF69B400D586D0 /* main.m */; };
		936DE03416DF69B400D586D0 /* AMZNAppDelegate.m in Sources */ = {isa = PBXBuildFile; fileRef = 936DE03316DF69B400D586D0 /* AMZNAppDelegate.m */; };
		936DE03716DF69B400D586D0 /* MainStoryboard_iPhone.storyboard in Resources */ = {isa = PBXBuildFile; fileRef = 936DE03516DF69B400D586D0 /* MainStoryboard_iPhone.storyboard */; };
		936DE03A16DF69B400D586D0 /* MainStoryboard_iPad.storyboard in Resources */ = {isa = PBXBuildFile; fileRef = 936DE03816DF69B400D586D0 /* MainStoryboard_iPad.storyboard */; };
		93B545A61733EEBB00AADBA5 /* btnLWA_gold_209x48_pressed.png in Resources */ = {isa = PBXBuildFile; fileRef = 93B545A41733EEBB00AADBA5 /* btnLWA_gold_209x48_pressed.png */; };
		93B545A71733EEBB00AADBA5 /* btnLWA_gold_209x48.png in Resources */ = {isa = PBXBuildFile; fileRef = 93B545A51733EEBB00AADBA5 /* btnLWA_gold_209x48.png */; };
		93E3471217181CA800A9F478 /* AMZNLoginController.m in Sources */ = {isa = PBXBuildFile; fileRef = 93E3471117181CA800A9F478 /* AMZNLoginController.m */; };
/* End PBXBuildFile section */

/* Begin PBXFileReference section */
		1208CD8D262D67B1005AA79A /* opus.h */ = {isa = PBXFileReference; fileEncoding = 4; lastKnownFileType = sourcecode.c.h; path = opus.h; sourceTree = "<group>"; };
		1208CD8E262D67B1005AA79A /* opus_multistream.h */ = {isa = PBXFileReference; fileEncoding = 4; lastKnownFileType = sourcecode.c.h; path = opus_multistream.h; sourceTree = "<group>"; };
		1208CD8F262D67B1005AA79A /* opus_types.h */ = {isa = PBXFileReference; fileEncoding = 4; lastKnownFileType = sourcecode.c.h; path = opus_types.h; sourceTree = "<group>"; };
		1208CD90262D67B1005AA79A /* opus_defines.h */ = {isa = PBXFileReference; fileEncoding = 4; lastKnownFileType = sourcecode.c.h; path = opus_defines.h; sourceTree = "<group>"; };
		1208CD91262D67B1005AA79A /* opus_projection.h */ = {isa = PBXFileReference; fileEncoding = 4; lastKnownFileType = sourcecode.c.h; path = opus_projection.h; sourceTree = "<group>"; };
		1208CD93262D67B1005AA79A /* libopus.a */ = {isa = PBXFileReference; lastKnownFileType = archive.ar; path = libopus.a; sourceTree = "<group>"; };
		1208CDA2262D872F005AA79A /* opus */ = {isa = PBXFileReference; lastKnownFileType = file; path = opus; sourceTree = "<group>"; };
		121EC770264BB0B000E5750D /* TYOpusCodec.h */ = {isa = PBXFileReference; lastKnownFileType = sourcecode.c.h; path = TYOpusCodec.h; sourceTree = "<group>"; };
		121EC771264BB0B000E5750D /* TYOpusCodec.m */ = {isa = PBXFileReference; lastKnownFileType = sourcecode.c.objc; path = TYOpusCodec.m; sourceTree = "<group>"; };
		121F1C2F261C52260004DB58 /* TYImageAESCoder.m */ = {isa = PBXFileReference; fileEncoding = 4; lastKnownFileType = sourcecode.c.objc; path = TYImageAESCoder.m; sourceTree = "<group>"; };
		121F1C32261C522D0004DB58 /* TYImageAESCoder.h */ = {isa = PBXFileReference; lastKnownFileType = sourcecode.c.h; path = TYImageAESCoder.h; sourceTree = "<group>"; };
		121F1C57261D8BFB0004DB58 /* LICENSE */ = {isa = PBXFileReference; fileEncoding = 4; lastKnownFileType = text; path = LICENSE; sourceTree = "<group>"; };
		121F1C58261D8BFB0004DB58 /* README.md */ = {isa = PBXFileReference; fileEncoding = 4; lastKnownFileType = net.daringfireball.markdown; path = README.md; sourceTree = "<group>"; };
		121F1C5A261D8BFB0004DB58 /* YYClassInfo.h */ = {isa = PBXFileReference; fileEncoding = 4; lastKnownFileType = sourcecode.c.h; path = YYClassInfo.h; sourceTree = "<group>"; };
		121F1C5B261D8BFB0004DB58 /* YYModel.h */ = {isa = PBXFileReference; fileEncoding = 4; lastKnownFileType = sourcecode.c.h; path = YYModel.h; sourceTree = "<group>"; };
		121F1C5C261D8BFB0004DB58 /* NSObject+YYModel.m */ = {isa = PBXFileReference; fileEncoding = 4; lastKnownFileType = sourcecode.c.objc; path = "NSObject+YYModel.m"; sourceTree = "<group>"; };
		121F1C5D261D8BFB0004DB58 /* YYClassInfo.m */ = {isa = PBXFileReference; fileEncoding = 4; lastKnownFileType = sourcecode.c.objc; path = YYClassInfo.m; sourceTree = "<group>"; };
		121F1C5E261D8BFB0004DB58 /* NSObject+YYModel.h */ = {isa = PBXFileReference; fileEncoding = 4; lastKnownFileType = sourcecode.c.h; path = "NSObject+YYModel.h"; sourceTree = "<group>"; };
		124536B62646763D00DA5710 /* ExternalAccessory.framework */ = {isa = PBXFileReference; lastKnownFileType = wrapper.framework; name = ExternalAccessory.framework; path = System/Library/Frameworks/ExternalAccessory.framework; sourceTree = SDKROOT; };
		124C27842613134200159276 /* TYAVSUploader.h */ = {isa = PBXFileReference; fileEncoding = 4; lastKnownFileType = sourcecode.c.h; path = TYAVSUploader.h; sourceTree = "<group>"; };
		124C27852613134200159276 /* TYAVSUploader.m */ = {isa = PBXFileReference; fileEncoding = 4; lastKnownFileType = sourcecode.c.objc; path = TYAVSUploader.m; sourceTree = "<group>"; };
		124C27882613158700159276 /* AudioToolbox.framework */ = {isa = PBXFileReference; lastKnownFileType = wrapper.framework; name = AudioToolbox.framework; path = System/Library/Frameworks/AudioToolbox.framework; sourceTree = SDKROOT; };
		124CAA93263A544000169641 /* explore_end.ogg */ = {isa = PBXFileReference; lastKnownFileType = file; path = explore_end.ogg; sourceTree = "<group>"; };
		124CAA96263A544900169641 /* explore_begin.ogg */ = {isa = PBXFileReference; lastKnownFileType = file; path = explore_begin.ogg; sourceTree = "<group>"; };
		124CAA99263A545000169641 /* error.wav */ = {isa = PBXFileReference; lastKnownFileType = audio.wav; path = error.wav; sourceTree = "<group>"; };
		124CAAA3263A594F00169641 /* TYAVSDataUtil.h */ = {isa = PBXFileReference; fileEncoding = 4; lastKnownFileType = sourcecode.c.h; path = TYAVSDataUtil.h; sourceTree = "<group>"; };
		124CAAA4263A594F00169641 /* TYAVSDataUtil.m */ = {isa = PBXFileReference; fileEncoding = 4; lastKnownFileType = sourcecode.c.objc; path = TYAVSDataUtil.m; sourceTree = "<group>"; };
		124CAAA8263A5A2000169641 /* TYAVSUploadStreamManager.m */ = {isa = PBXFileReference; fileEncoding = 4; lastKnownFileType = sourcecode.c.objc; path = TYAVSUploadStreamManager.m; sourceTree = "<group>"; };
		124CAAA9263A5A2000169641 /* TYAVSUploadStreamManager.h */ = {isa = PBXFileReference; fileEncoding = 4; lastKnownFileType = sourcecode.c.h; path = TYAVSUploadStreamManager.h; sourceTree = "<group>"; };
		125354C32609DC16006EDE29 /* AudioManager.h */ = {isa = PBXFileReference; fileEncoding = 4; lastKnownFileType = sourcecode.c.h; path = AudioManager.h; sourceTree = "<group>"; };
		125354C42609DC16006EDE29 /* AudioManager.m */ = {isa = PBXFileReference; fileEncoding = 4; lastKnownFileType = sourcecode.c.objc; path = AudioManager.m; sourceTree = "<group>"; };
		125354C72609DC3E006EDE29 /* AlexaClient.h */ = {isa = PBXFileReference; lastKnownFileType = sourcecode.c.h; path = AlexaClient.h; sourceTree = "<group>"; };
		125354C82609DC3E006EDE29 /* AlexaClient.m */ = {isa = PBXFileReference; lastKnownFileType = sourcecode.c.objc; path = AlexaClient.m; sourceTree = "<group>"; };
		129359702609E358007508DC /* AVFoundation.framework */ = {isa = PBXFileReference; lastKnownFileType = wrapper.framework; name = AVFoundation.framework; path = System/Library/Frameworks/AVFoundation.framework; sourceTree = SDKROOT; };
		129359732609E882007508DC /* RecordTool.h */ = {isa = PBXFileReference; lastKnownFileType = sourcecode.c.h; path = RecordTool.h; sourceTree = "<group>"; };
		129359742609E882007508DC /* RecordTool.m */ = {isa = PBXFileReference; lastKnownFileType = sourcecode.c.objc; path = RecordTool.m; sourceTree = "<group>"; };
		12A11015264FD19900894CE4 /* TYAVSAudioPlayer.h */ = {isa = PBXFileReference; fileEncoding = 4; lastKnownFileType = sourcecode.c.h; path = TYAVSAudioPlayer.h; sourceTree = "<group>"; };
		12A11016264FD19900894CE4 /* TYAVSAudioPlayer.m */ = {isa = PBXFileReference; fileEncoding = 4; lastKnownFileType = sourcecode.c.objc; path = TYAVSAudioPlayer.m; sourceTree = "<group>"; };
		12B52D57261FF7780092AB8D /* TYAVSApi.h */ = {isa = PBXFileReference; lastKnownFileType = sourcecode.c.h; path = TYAVSApi.h; sourceTree = "<group>"; };
		12B52D58261FF7780092AB8D /* TYAVSApi.m */ = {isa = PBXFileReference; lastKnownFileType = sourcecode.c.objc; path = TYAVSApi.m; sourceTree = "<group>"; };
		12D382E6263A5C9A0000D396 /* end.wav */ = {isa = PBXFileReference; lastKnownFileType = audio.wav; path = end.wav; sourceTree = "<group>"; };
		12D382E7263A5C9A0000D396 /* begin.wav */ = {isa = PBXFileReference; lastKnownFileType = audio.wav; path = begin.wav; sourceTree = "<group>"; };
		12EBA3D9262D59D700B1117D /* opusCodec.h */ = {isa = PBXFileReference; lastKnownFileType = sourcecode.c.h; path = opusCodec.h; sourceTree = "<group>"; };
		12EBA3DA262D59D700B1117D /* opusCodec.m */ = {isa = PBXFileReference; lastKnownFileType = sourcecode.c.objc; path = opusCodec.m; sourceTree = "<group>"; };
		456673901BC47B3E004EEC3E /* SafariServices.framework */ = {isa = PBXFileReference; lastKnownFileType = wrapper.framework; name = SafariServices.framework; path = System/Library/Frameworks/SafariServices.framework; sourceTree = SDKROOT; };
		45C8A9D71DB18D1900DE248C /* LoginWithAmazon.framework */ = {isa = PBXFileReference; lastKnownFileType = wrapper.framework; name = LoginWithAmazon.framework; path = ../Library/LoginWithAmazon.framework; sourceTree = "<group>"; };
		45C8A9D91DB18D4200DE248C /* LoginWithAmazonSample.entitlements */ = {isa = PBXFileReference; lastKnownFileType = text.plist.entitlements; path = LoginWithAmazonSample.entitlements; sourceTree = "<group>"; };
		45CC54671BC6FA7500F679D6 /* CoreGraphics.framework */ = {isa = PBXFileReference; lastKnownFileType = wrapper.framework; name = CoreGraphics.framework; path = System/Library/Frameworks/CoreGraphics.framework; sourceTree = SDKROOT; };
		930D58F216DFB492006B7B39 /* Security.framework */ = {isa = PBXFileReference; lastKnownFileType = wrapper.framework; name = Security.framework; path = System/Library/Frameworks/Security.framework; sourceTree = SDKROOT; };
		9322F17E170C341E00211AFE /* LICENSE.txt */ = {isa = PBXFileReference; fileEncoding = 4; lastKnownFileType = text; name = LICENSE.txt; path = ../../LICENSE.txt; sourceTree = "<group>"; };
		9322F180170C363A00211AFE /* NOTICE.txt */ = {isa = PBXFileReference; fileEncoding = 4; lastKnownFileType = text; name = NOTICE.txt; path = ../../NOTICE.txt; sourceTree = "<group>"; };
		93414D251704494100CDEFBB /* LoginWithAmazonSample-Info.plist */ = {isa = PBXFileReference; fileEncoding = 4; lastKnownFileType = text.plist.xml; path = "LoginWithAmazonSample-Info.plist"; sourceTree = "<group>"; };
		936C7CC41725234D0067524F /* Default-568h@2x.png */ = {isa = PBXFileReference; lastKnownFileType = image.png; name = "Default-568h@2x.png"; path = "../../Resources/App/Default-568h@2x.png"; sourceTree = "<group>"; };
		936C7D4617268E0E0067524F /* btnLWA_gold_157x36_pressed.png */ = {isa = PBXFileReference; lastKnownFileType = image.png; name = btnLWA_gold_157x36_pressed.png; path = ../../Resources/App/btnLWA_gold_157x36_pressed.png; sourceTree = "<group>"; };
		936C7D4717268E0F0067524F /* btnLWA_gold_157x36.png */ = {isa = PBXFileReference; lastKnownFileType = image.png; name = btnLWA_gold_157x36.png; path = ../../Resources/App/btnLWA_gold_157x36.png; sourceTree = "<group>"; };
		936C7D4817268E0F0067524F /* btnLWA_gold_314x72_pressed.png */ = {isa = PBXFileReference; lastKnownFileType = image.png; name = btnLWA_gold_314x72_pressed.png; path = ../../Resources/App/btnLWA_gold_314x72_pressed.png; sourceTree = "<group>"; };
		936C7D4917268E0F0067524F /* btnLWA_gold_314x72.png */ = {isa = PBXFileReference; lastKnownFileType = image.png; name = btnLWA_gold_314x72.png; path = ../../Resources/App/btnLWA_gold_314x72.png; sourceTree = "<group>"; };
		936C7D5E172691600067524F /* btnLWA_gold_68x72.png */ = {isa = PBXFileReference; lastKnownFileType = image.png; name = btnLWA_gold_68x72.png; path = ../btnLWA_gold_68x72.png; sourceTree = "<group>"; };
		936C7D60172691FD0067524F /* btnLWA_Gold_94x96.png */ = {isa = PBXFileReference; lastKnownFileType = image.png; name = btnLWA_Gold_94x96.png; path = ../btnLWA_Gold_94x96.png; sourceTree = "<group>"; };
		936DE01F16DF69B400D586D0 /* LoginWithAmazonSample.app */ = {isa = PBXFileReference; explicitFileType = wrapper.application; includeInIndex = 0; path = LoginWithAmazonSample.app; sourceTree = BUILT_PRODUCTS_DIR; };
		936DE02316DF69B400D586D0 /* UIKit.framework */ = {isa = PBXFileReference; lastKnownFileType = wrapper.framework; name = UIKit.framework; path = System/Library/Frameworks/UIKit.framework; sourceTree = SDKROOT; };
		936DE02516DF69B400D586D0 /* Foundation.framework */ = {isa = PBXFileReference; lastKnownFileType = wrapper.framework; name = Foundation.framework; path = System/Library/Frameworks/Foundation.framework; sourceTree = SDKROOT; };
		936DE02D16DF69B400D586D0 /* en */ = {isa = PBXFileReference; lastKnownFileType = text.plist.strings; name = en; path = en.lproj/InfoPlist.strings; sourceTree = "<group>"; };
		936DE02F16DF69B400D586D0 /* main.m */ = {isa = PBXFileReference; lastKnownFileType = sourcecode.c.objc; path = main.m; sourceTree = "<group>"; };
		936DE03116DF69B400D586D0 /* LoginWithAmazonSample-Prefix.pch */ = {isa = PBXFileReference; lastKnownFileType = sourcecode.c.h; path = "LoginWithAmazonSample-Prefix.pch"; sourceTree = "<group>"; };
		936DE03216DF69B400D586D0 /* AMZNAppDelegate.h */ = {isa = PBXFileReference; lastKnownFileType = sourcecode.c.h; path = AMZNAppDelegate.h; sourceTree = "<group>"; };
		936DE03316DF69B400D586D0 /* AMZNAppDelegate.m */ = {isa = PBXFileReference; lastKnownFileType = sourcecode.c.objc; path = AMZNAppDelegate.m; sourceTree = "<group>"; };
		936DE03616DF69B400D586D0 /* en */ = {isa = PBXFileReference; lastKnownFileType = file.storyboard; name = en; path = en.lproj/MainStoryboard_iPhone.storyboard; sourceTree = "<group>"; };
		936DE03916DF69B400D586D0 /* en */ = {isa = PBXFileReference; lastKnownFileType = file.storyboard; name = en; path = en.lproj/MainStoryboard_iPad.storyboard; sourceTree = "<group>"; };
		93B545A41733EEBB00AADBA5 /* btnLWA_gold_209x48_pressed.png */ = {isa = PBXFileReference; lastKnownFileType = image.png; path = btnLWA_gold_209x48_pressed.png; sourceTree = "<group>"; };
		93B545A51733EEBB00AADBA5 /* btnLWA_gold_209x48.png */ = {isa = PBXFileReference; lastKnownFileType = image.png; path = btnLWA_gold_209x48.png; sourceTree = "<group>"; };
		93E3471017181CA800A9F478 /* AMZNLoginController.h */ = {isa = PBXFileReference; fileEncoding = 4; lastKnownFileType = sourcecode.c.h; path = AMZNLoginController.h; sourceTree = "<group>"; };
		93E3471117181CA800A9F478 /* AMZNLoginController.m */ = {isa = PBXFileReference; fileEncoding = 4; lastKnownFileType = sourcecode.c.objc; path = AMZNLoginController.m; sourceTree = "<group>"; };
/* End PBXFileReference section */

/* Begin PBXFrameworksBuildPhase section */
		936DE01C16DF69B400D586D0 /* Frameworks */ = {
			isa = PBXFrameworksBuildPhase;
			buildActionMask = 2147483647;
			files = (
				124C27892613158700159276 /* AudioToolbox.framework in Frameworks */,
				129359712609E358007508DC /* AVFoundation.framework in Frameworks */,
				1208CD94262D67B1005AA79A /* libopus.a in Frameworks */,
				45CC54691BC7106600F679D6 /* CoreGraphics.framework in Frameworks */,
				456673911BC47B3E004EEC3E /* SafariServices.framework in Frameworks */,
				930D58F316DFB492006B7B39 /* Security.framework in Frameworks */,
				124536B72646763E00DA5710 /* ExternalAccessory.framework in Frameworks */,
				936DE02416DF69B400D586D0 /* UIKit.framework in Frameworks */,
				936DE02616DF69B400D586D0 /* Foundation.framework in Frameworks */,
				45C8A9D81DB18D1900DE248C /* LoginWithAmazon.framework in Frameworks */,
			);
			runOnlyForDeploymentPostprocessing = 0;
		};
/* End PBXFrameworksBuildPhase section */

/* Begin PBXGroup section */
		1208CD8A262D67B1005AA79A /* l_opus */ = {
			isa = PBXGroup;
			children = (
				1208CD8B262D67B1005AA79A /* include */,
				1208CD92262D67B1005AA79A /* lib */,
			);
			path = l_opus;
			sourceTree = "<group>";
		};
		1208CD8B262D67B1005AA79A /* include */ = {
			isa = PBXGroup;
			children = (
				1208CD8C262D67B1005AA79A /* opus */,
			);
			path = include;
			sourceTree = "<group>";
		};
		1208CD8C262D67B1005AA79A /* opus */ = {
			isa = PBXGroup;
			children = (
				1208CD8D262D67B1005AA79A /* opus.h */,
				1208CD8E262D67B1005AA79A /* opus_multistream.h */,
				1208CD8F262D67B1005AA79A /* opus_types.h */,
				1208CD90262D67B1005AA79A /* opus_defines.h */,
				1208CD91262D67B1005AA79A /* opus_projection.h */,
			);
			path = opus;
			sourceTree = "<group>";
		};
		1208CD92262D67B1005AA79A /* lib */ = {
			isa = PBXGroup;
			children = (
				1208CD93262D67B1005AA79A /* libopus.a */,
			);
			path = lib;
			sourceTree = "<group>";
		};
		121F1C56261D8BFB0004DB58 /* YYModel */ = {
			isa = PBXGroup;
			children = (
				1208CD8A262D67B1005AA79A /* l_opus */,
				121F1C57261D8BFB0004DB58 /* LICENSE */,
				121F1C58261D8BFB0004DB58 /* README.md */,
				121F1C59261D8BFB0004DB58 /* YYModel */,
			);
			path = YYModel;
			sourceTree = "<group>";
		};
		121F1C59261D8BFB0004DB58 /* YYModel */ = {
			isa = PBXGroup;
			children = (
				121F1C5A261D8BFB0004DB58 /* YYClassInfo.h */,
				121F1C5B261D8BFB0004DB58 /* YYModel.h */,
				121F1C5C261D8BFB0004DB58 /* NSObject+YYModel.m */,
				121F1C5D261D8BFB0004DB58 /* YYClassInfo.m */,
				121F1C5E261D8BFB0004DB58 /* NSObject+YYModel.h */,
			);
			path = YYModel;
			sourceTree = "<group>";
		};
		936DE01416DF69B400D586D0 = {
			isa = PBXGroup;
			children = (
				936DE02916DF69B400D586D0 /* LoginWithAmazonSample */,
				936DE02216DF69B400D586D0 /* Frameworks */,
				936DE02016DF69B400D586D0 /* Products */,
			);
			sourceTree = "<group>";
		};
		936DE02016DF69B400D586D0 /* Products */ = {
			isa = PBXGroup;
			children = (
				936DE01F16DF69B400D586D0 /* LoginWithAmazonSample.app */,
			);
			name = Products;
			sourceTree = "<group>";
		};
		936DE02216DF69B400D586D0 /* Frameworks */ = {
			isa = PBXGroup;
			children = (
				124536B62646763D00DA5710 /* ExternalAccessory.framework */,
				124C27882613158700159276 /* AudioToolbox.framework */,
				129359702609E358007508DC /* AVFoundation.framework */,
				45C8A9D71DB18D1900DE248C /* LoginWithAmazon.framework */,
				45CC54671BC6FA7500F679D6 /* CoreGraphics.framework */,
				456673901BC47B3E004EEC3E /* SafariServices.framework */,
				930D58F216DFB492006B7B39 /* Security.framework */,
				936DE02316DF69B400D586D0 /* UIKit.framework */,
				936DE02516DF69B400D586D0 /* Foundation.framework */,
			);
			name = Frameworks;
			sourceTree = "<group>";
		};
		936DE02916DF69B400D586D0 /* LoginWithAmazonSample */ = {
			isa = PBXGroup;
			children = (
				124CAAA3263A594F00169641 /* TYAVSDataUtil.h */,
				124CAAA4263A594F00169641 /* TYAVSDataUtil.m */,
				1208CDA2262D872F005AA79A /* opus */,
				121F1C56261D8BFB0004DB58 /* YYModel */,
				45C8A9D91DB18D4200DE248C /* LoginWithAmazonSample.entitlements */,
				9322F180170C363A00211AFE /* NOTICE.txt */,
				9322F17E170C341E00211AFE /* LICENSE.txt */,
				936DE03216DF69B400D586D0 /* AMZNAppDelegate.h */,
				936DE03316DF69B400D586D0 /* AMZNAppDelegate.m */,
				121F1C2F261C52260004DB58 /* TYImageAESCoder.m */,
				125354C32609DC16006EDE29 /* AudioManager.h */,
				125354C42609DC16006EDE29 /* AudioManager.m */,
				121F1C32261C522D0004DB58 /* TYImageAESCoder.h */,
				124CAA96263A544900169641 /* explore_begin.ogg */,
				124CAA93263A544000169641 /* explore_end.ogg */,
				12D382E7263A5C9A0000D396 /* begin.wav */,
				12D382E6263A5C9A0000D396 /* end.wav */,
				124CAA99263A545000169641 /* error.wav */,
				12A11015264FD19900894CE4 /* TYAVSAudioPlayer.h */,
				12A11016264FD19900894CE4 /* TYAVSAudioPlayer.m */,
				129359732609E882007508DC /* RecordTool.h */,
				129359742609E882007508DC /* RecordTool.m */,
				12EBA3D9262D59D700B1117D /* opusCodec.h */,
				12EBA3DA262D59D700B1117D /* opusCodec.m */,
				121EC770264BB0B000E5750D /* TYOpusCodec.h */,
				121EC771264BB0B000E5750D /* TYOpusCodec.m */,
				125354C72609DC3E006EDE29 /* AlexaClient.h */,
				125354C82609DC3E006EDE29 /* AlexaClient.m */,
				124C27842613134200159276 /* TYAVSUploader.h */,
				124C27852613134200159276 /* TYAVSUploader.m */,
				124CAAA9263A5A2000169641 /* TYAVSUploadStreamManager.h */,
				124CAAA8263A5A2000169641 /* TYAVSUploadStreamManager.m */,
				12B52D57261FF7780092AB8D /* TYAVSApi.h */,
				12B52D58261FF7780092AB8D /* TYAVSApi.m */,
				93E3471017181CA800A9F478 /* AMZNLoginController.h */,
				93E3471117181CA800A9F478 /* AMZNLoginController.m */,
				936DE03516DF69B400D586D0 /* MainStoryboard_iPhone.storyboard */,
				936DE03816DF69B400D586D0 /* MainStoryboard_iPad.storyboard */,
				936DE02A16DF69B400D586D0 /* Supporting Files */,
			);
			path = LoginWithAmazonSample;
			sourceTree = "<group>";
		};
		936DE02A16DF69B400D586D0 /* Supporting Files */ = {
			isa = PBXGroup;
			children = (
				93B545A41733EEBB00AADBA5 /* btnLWA_gold_209x48_pressed.png */,
				93B545A51733EEBB00AADBA5 /* btnLWA_gold_209x48.png */,
				936C7D60172691FD0067524F /* btnLWA_Gold_94x96.png */,
				936C7D5E172691600067524F /* btnLWA_gold_68x72.png */,
				936C7D4617268E0E0067524F /* btnLWA_gold_157x36_pressed.png */,
				936C7D4717268E0F0067524F /* btnLWA_gold_157x36.png */,
				936C7D4817268E0F0067524F /* btnLWA_gold_314x72_pressed.png */,
				936C7D4917268E0F0067524F /* btnLWA_gold_314x72.png */,
				936C7CC41725234D0067524F /* Default-568h@2x.png */,
				93414D251704494100CDEFBB /* LoginWithAmazonSample-Info.plist */,
				936DE02C16DF69B400D586D0 /* InfoPlist.strings */,
				936DE02F16DF69B400D586D0 /* main.m */,
				936DE03116DF69B400D586D0 /* LoginWithAmazonSample-Prefix.pch */,
			);
			name = "Supporting Files";
			sourceTree = "<group>";
		};
/* End PBXGroup section */

/* Begin PBXNativeTarget section */
		936DE01E16DF69B400D586D0 /* LoginWithAmazonSample */ = {
			isa = PBXNativeTarget;
			buildConfigurationList = 936DE04016DF69B400D586D0 /* Build configuration list for PBXNativeTarget "LoginWithAmazonSample" */;
			buildPhases = (
				936DE01B16DF69B400D586D0 /* Sources */,
				936DE01C16DF69B400D586D0 /* Frameworks */,
				936DE01D16DF69B400D586D0 /* Resources */,
			);
			buildRules = (
			);
			dependencies = (
			);
			name = LoginWithAmazonSample;
			productName = LoginWithAmazonSample;
			productReference = 936DE01F16DF69B400D586D0 /* LoginWithAmazonSample.app */;
			productType = "com.apple.product-type.application";
		};
/* End PBXNativeTarget section */

/* Begin PBXProject section */
		936DE01616DF69B400D586D0 /* Project object */ = {
			isa = PBXProject;
			attributes = {
				CLASSPREFIX = AMZN;
				LastUpgradeCheck = 0800;
				ORGANIZATIONNAME = Amazon;
				TargetAttributes = {
					936DE01E16DF69B400D586D0 = {
						DevelopmentTeam = R4S6AAJC3P;
						SystemCapabilities = {
							com.apple.Keychain = {
								enabled = 1;
							};
						};
					};
				};
			};
			buildConfigurationList = 936DE01916DF69B400D586D0 /* Build configuration list for PBXProject "LoginWithAmazonSample" */;
			compatibilityVersion = "Xcode 3.2";
			developmentRegion = English;
			hasScannedForEncodings = 0;
			knownRegions = (
				English,
				en,
			);
			mainGroup = 936DE01416DF69B400D586D0;
			productRefGroup = 936DE02016DF69B400D586D0 /* Products */;
			projectDirPath = "";
			projectRoot = "";
			targets = (
				936DE01E16DF69B400D586D0 /* LoginWithAmazonSample */,
			);
		};
/* End PBXProject section */

/* Begin PBXResourcesBuildPhase section */
		936DE01D16DF69B400D586D0 /* Resources */ = {
			isa = PBXResourcesBuildPhase;
			buildActionMask = 2147483647;
			files = (
				1208CDA3262D872F005AA79A /* opus in Resources */,
				936DE02E16DF69B400D586D0 /* InfoPlist.strings in Resources */,
				936DE03716DF69B400D586D0 /* MainStoryboard_iPhone.storyboard in Resources */,
				936DE03A16DF69B400D586D0 /* MainStoryboard_iPad.storyboard in Resources */,
				12D382E9263A5C9A0000D396 /* begin.wav in Resources */,
				9322F17F170C341E00211AFE /* LICENSE.txt in Resources */,
				9322F181170C363A00211AFE /* NOTICE.txt in Resources */,
				936C7CC51725234D0067524F /* Default-568h@2x.png in Resources */,
				124CAA9A263A545000169641 /* error.wav in Resources */,
				121F1C60261D8BFC0004DB58 /* README.md in Resources */,
				936C7D4A17268E0F0067524F /* btnLWA_gold_157x36_pressed.png in Resources */,
				936C7D4B17268E0F0067524F /* btnLWA_gold_157x36.png in Resources */,
				124CAA97263A544900169641 /* explore_begin.ogg in Resources */,
				936C7D4C17268E0F0067524F /* btnLWA_gold_314x72_pressed.png in Resources */,
				121F1C5F261D8BFC0004DB58 /* LICENSE in Resources */,
				936C7D4D17268E0F0067524F /* btnLWA_gold_314x72.png in Resources */,
				12D382E8263A5C9A0000D396 /* end.wav in Resources */,
				936C7D5F172691600067524F /* btnLWA_gold_68x72.png in Resources */,
				936C7D61172691FD0067524F /* btnLWA_Gold_94x96.png in Resources */,
				124CAA94263A544000169641 /* explore_end.ogg in Resources */,
				93B545A61733EEBB00AADBA5 /* btnLWA_gold_209x48_pressed.png in Resources */,
				93B545A71733EEBB00AADBA5 /* btnLWA_gold_209x48.png in Resources */,
			);
			runOnlyForDeploymentPostprocessing = 0;
		};
/* End PBXResourcesBuildPhase section */

/* Begin PBXSourcesBuildPhase section */
		936DE01B16DF69B400D586D0 /* Sources */ = {
			isa = PBXSourcesBuildPhase;
			buildActionMask = 2147483647;
			files = (
				936DE03016DF69B400D586D0 /* main.m in Sources */,
				124CAAA5263A594F00169641 /* TYAVSDataUtil.m in Sources */,
				121F1C62261D8BFC0004DB58 /* YYClassInfo.m in Sources */,
				12A11017264FD19900894CE4 /* TYAVSAudioPlayer.m in Sources */,
				121F1C61261D8BFC0004DB58 /* NSObject+YYModel.m in Sources */,
				936DE03416DF69B400D586D0 /* AMZNAppDelegate.m in Sources */,
				121F1C30261C52270004DB58 /* TYImageAESCoder.m in Sources */,
				129359752609E883007508DC /* RecordTool.m in Sources */,
				12EBA3DB262D59D700B1117D /* opusCodec.m in Sources */,
				124C27862613134200159276 /* TYAVSUploader.m in Sources */,
				124CAAAA263A5A2000169641 /* TYAVSUploadStreamManager.m in Sources */,
				121EC772264BB0B100E5750D /* TYOpusCodec.m in Sources */,
				125354C52609DC16006EDE29 /* AudioManager.m in Sources */,
				93E3471217181CA800A9F478 /* AMZNLoginController.m in Sources */,
				12B52D59261FF7780092AB8D /* TYAVSApi.m in Sources */,
				125354C92609DC3E006EDE29 /* AlexaClient.m in Sources */,
			);
			runOnlyForDeploymentPostprocessing = 0;
		};
/* End PBXSourcesBuildPhase section */

/* Begin PBXVariantGroup section */
		936DE02C16DF69B400D586D0 /* InfoPlist.strings */ = {
			isa = PBXVariantGroup;
			children = (
				936DE02D16DF69B400D586D0 /* en */,
			);
			name = InfoPlist.strings;
			sourceTree = "<group>";
		};
		936DE03516DF69B400D586D0 /* MainStoryboard_iPhone.storyboard */ = {
			isa = PBXVariantGroup;
			children = (
				936DE03616DF69B400D586D0 /* en */,
			);
			name = MainStoryboard_iPhone.storyboard;
			sourceTree = "<group>";
		};
		936DE03816DF69B400D586D0 /* MainStoryboard_iPad.storyboard */ = {
			isa = PBXVariantGroup;
			children = (
				936DE03916DF69B400D586D0 /* en */,
			);
			name = MainStoryboard_iPad.storyboard;
			sourceTree = "<group>";
		};
/* End PBXVariantGroup section */

/* Begin XCBuildConfiguration section */
		936DE03E16DF69B400D586D0 /* Debug */ = {
			isa = XCBuildConfiguration;
			buildSettings = {
				ALWAYS_SEARCH_USER_PATHS = NO;
				CLANG_CXX_LANGUAGE_STANDARD = "gnu++0x";
				CLANG_WARN_BOOL_CONVERSION = YES;
				CLANG_WARN_CONSTANT_CONVERSION = YES;
				CLANG_WARN_EMPTY_BODY = YES;
				CLANG_WARN_ENUM_CONVERSION = YES;
				CLANG_WARN_INFINITE_RECURSION = YES;
				CLANG_WARN_INT_CONVERSION = YES;
				CLANG_WARN_SUSPICIOUS_MOVE = YES;
				CLANG_WARN_UNREACHABLE_CODE = YES;
				CLANG_WARN__DUPLICATE_METHOD_MATCH = YES;
				"CODE_SIGN_IDENTITY[sdk=iphoneos*]" = "iPhone Developer";
				COPY_PHASE_STRIP = NO;
				ENABLE_BITCODE = YES;
				ENABLE_STRICT_OBJC_MSGSEND = YES;
				ENABLE_TESTABILITY = YES;
				GCC_C_LANGUAGE_STANDARD = gnu99;
				GCC_DYNAMIC_NO_PIC = NO;
				GCC_NO_COMMON_BLOCKS = YES;
				GCC_OPTIMIZATION_LEVEL = 0;
				GCC_PREPROCESSOR_DEFINITIONS = (
					"DEBUG=1",
					"$(inherited)",
				);
				GCC_SYMBOLS_PRIVATE_EXTERN = NO;
				GCC_VERSION = com.apple.compilers.llvm.clang.1_0;
				GCC_WARN_64_TO_32_BIT_CONVERSION = YES;
				GCC_WARN_ABOUT_RETURN_TYPE = YES;
				GCC_WARN_UNDECLARED_SELECTOR = YES;
				GCC_WARN_UNINITIALIZED_AUTOS = YES;
				GCC_WARN_UNUSED_FUNCTION = YES;
				GCC_WARN_UNUSED_VARIABLE = YES;
				IPHONEOS_DEPLOYMENT_TARGET = 10.0;
				ONLY_ACTIVE_ARCH = YES;
				SDKROOT = iphoneos;
				TARGETED_DEVICE_FAMILY = "1,2";
			};
			name = Debug;
		};
		936DE03F16DF69B400D586D0 /* Release */ = {
			isa = XCBuildConfiguration;
			buildSettings = {
				ALWAYS_SEARCH_USER_PATHS = NO;
				CLANG_CXX_LANGUAGE_STANDARD = "gnu++0x";
				CLANG_WARN_BOOL_CONVERSION = YES;
				CLANG_WARN_CONSTANT_CONVERSION = YES;
				CLANG_WARN_EMPTY_BODY = YES;
				CLANG_WARN_ENUM_CONVERSION = YES;
				CLANG_WARN_INFINITE_RECURSION = YES;
				CLANG_WARN_INT_CONVERSION = YES;
				CLANG_WARN_SUSPICIOUS_MOVE = YES;
				CLANG_WARN_UNREACHABLE_CODE = YES;
				CLANG_WARN__DUPLICATE_METHOD_MATCH = YES;
				"CODE_SIGN_IDENTITY[sdk=iphoneos*]" = "iPhone Developer";
				COPY_PHASE_STRIP = YES;
				ENABLE_BITCODE = YES;
				ENABLE_STRICT_OBJC_MSGSEND = YES;
				GCC_C_LANGUAGE_STANDARD = gnu99;
				GCC_NO_COMMON_BLOCKS = YES;
				GCC_VERSION = com.apple.compilers.llvm.clang.1_0;
				GCC_WARN_64_TO_32_BIT_CONVERSION = YES;
				GCC_WARN_ABOUT_RETURN_TYPE = YES;
				GCC_WARN_UNDECLARED_SELECTOR = YES;
				GCC_WARN_UNINITIALIZED_AUTOS = YES;
				GCC_WARN_UNUSED_FUNCTION = YES;
				GCC_WARN_UNUSED_VARIABLE = YES;
				IPHONEOS_DEPLOYMENT_TARGET = 10.0;
				OTHER_CFLAGS = "-DNS_BLOCK_ASSERTIONS=1";
				SDKROOT = iphoneos;
				TARGETED_DEVICE_FAMILY = "1,2";
				VALIDATE_PRODUCT = YES;
			};
			name = Release;
		};
		936DE04116DF69B400D586D0 /* Debug */ = {
			isa = XCBuildConfiguration;
			buildSettings = {
				CLANG_ENABLE_OBJC_WEAK = YES;
				CLANG_WARN_OBJC_REPEATED_USE_OF_WEAK = YES;
				CODE_SIGN_ENTITLEMENTS = LoginWithAmazonSample/LoginWithAmazonSample.entitlements;
				DEVELOPMENT_TEAM = R4S6AAJC3P;
				FRAMEWORK_SEARCH_PATHS = (
					"$(inherited)",
					"$(SRCROOT)/../Library",
					"$(PROJECT_DIR)",
				);
				GCC_PRECOMPILE_PREFIX_HEADER = YES;
				GCC_PREFIX_HEADER = "LoginWithAmazonSample/LoginWithAmazonSample-Prefix.pch";
				HEADER_SEARCH_PATHS = "";
				INFOPLIST_FILE = "LoginWithAmazonSample/LoginWithAmazonSample-Info.plist";
				IPHONEOS_DEPLOYMENT_TARGET = 8.0;
				LIBRARY_SEARCH_PATHS = (
					"$(inherited)",
					"$(PROJECT_DIR)/LoginWithAmazonSample/dependencies/lib",
					"$(PROJECT_DIR)/LoginWithAmazonSample/YYModel/l_opus/lib",
				);
				ONLY_ACTIVE_ARCH = YES;
				OTHER_LDFLAGS = "";
				PRODUCT_BUNDLE_IDENTIFIER = com.tuya.testavs.hc;
				PRODUCT_NAME = "$(TARGET_NAME)";
				TARGETED_DEVICE_FAMILY = "1,2";
				USER_HEADER_SEARCH_PATHS = "";
				VALID_ARCHS = "armv7 armv7s arm64";
				WRAPPER_EXTENSION = app;
			};
			name = Debug;
		};
		936DE04216DF69B400D586D0 /* Release */ = {
			isa = XCBuildConfiguration;
			buildSettings = {
				CLANG_ENABLE_OBJC_WEAK = YES;
				CLANG_WARN_OBJC_REPEATED_USE_OF_WEAK = YES;
				CODE_SIGN_ENTITLEMENTS = LoginWithAmazonSample/LoginWithAmazonSample.entitlements;
				DEVELOPMENT_TEAM = R4S6AAJC3P;
				FRAMEWORK_SEARCH_PATHS = (
					"$(inherited)",
					"$(SRCROOT)/../Library",
					"$(PROJECT_DIR)",
				);
				GCC_PRECOMPILE_PREFIX_HEADER = YES;
				GCC_PREFIX_HEADER = "LoginWithAmazonSample/LoginWithAmazonSample-Prefix.pch";
				HEADER_SEARCH_PATHS = "";
				INFOPLIST_FILE = "LoginWithAmazonSample/LoginWithAmazonSample-Info.plist";
				IPHONEOS_DEPLOYMENT_TARGET = 8.0;
				LIBRARY_SEARCH_PATHS = (
					"$(inherited)",
					"$(PROJECT_DIR)/LoginWithAmazonSample/dependencies/lib",
					"$(PROJECT_DIR)/LoginWithAmazonSample/YYModel/l_opus/lib",
				);
				OTHER_LDFLAGS = "";
				PRODUCT_BUNDLE_IDENTIFIER = com.tuya.testavs.hc;
				PRODUCT_NAME = "$(TARGET_NAME)";
				TARGETED_DEVICE_FAMILY = "1,2";
				USER_HEADER_SEARCH_PATHS = "";
				VALID_ARCHS = "armv7 armv7s arm64";
				WRAPPER_EXTENSION = app;
			};
			name = Release;
		};
/* End XCBuildConfiguration section */

/* Begin XCConfigurationList section */
		936DE01916DF69B400D586D0 /* Build configuration list for PBXProject "LoginWithAmazonSample" */ = {
			isa = XCConfigurationList;
			buildConfigurations = (
				936DE03E16DF69B400D586D0 /* Debug */,
				936DE03F16DF69B400D586D0 /* Release */,
			);
			defaultConfigurationIsVisible = 0;
			defaultConfigurationName = Release;
		};
		936DE04016DF69B400D586D0 /* Build configuration list for PBXNativeTarget "LoginWithAmazonSample" */ = {
			isa = XCConfigurationList;
			buildConfigurations = (
				936DE04116DF69B400D586D0 /* Debug */,
				936DE04216DF69B400D586D0 /* Release */,
			);
			defaultConfigurationIsVisible = 0;
			defaultConfigurationName = Release;
		};
/* End XCConfigurationList section */
	};
	rootObject = 936DE01616DF69B400D586D0 /* Project object */;
}
